
Microsoft Visual Studio Solution File, Format Version 12.00
# Visual Studio 2012
Project("{8BC9CEB8-8B4A-11D0-8D11-00A0C91BC942}") = "ARNative", "ARNative\ARNative.vcxproj", "{A99BF76E-70D1-4C22-986C-BFA811C59F3C}"
EndProject
Project("{FAE04EC0-301F-11D3-BF4B-00C04F79EFBC}") = "NRemedy.Core", "NRemedy.Core\NRemedy.Core.csproj", "{F6A18DF3-700D-4619-B8FE-F4C786EE1B27}"
EndProject
Project("{FAE04EC0-301F-11D3-BF4B-00C04F79EFBC}") = "NRemedy.Linq", "NRemedy.Linq\NRemedy.Linq.csproj", "{5DE22DEE-201C-4E46-BB5A-221435B67DA7}"
EndProject
Project("{FAE04EC0-301F-11D3-BF4B-00C04F79EFBC}") = "ARNative.Test", "ARNative.Test\ARNative.Test.csproj", "{02620C20-19D1-4A63-B7E5-738C5783C139}"
EndProject
Project("{FAE04EC0-301F-11D3-BF4B-00C04F79EFBC}") = "NRemedy.Core.Test", "NRemedy.Core.Test\NRemedy.Core.Test.csproj", "{230E133B-EB90-4A6A-9EA2-1F7F6C157325}"
EndProject
Global
	GlobalSection(SolutionConfigurationPlatforms) = preSolution
		Debug|Any CPU = Debug|Any CPU
		Debug|Mixed Platforms = Debug|Mixed Platforms
		Debug|Win32 = Debug|Win32
		Debug|x64 = Debug|x64
		Release|Any CPU = Release|Any CPU
		Release|Mixed Platforms = Release|Mixed Platforms
		Release|Win32 = Release|Win32
		Release|x64 = Release|x64
		x64_Debug|Any CPU = x64_Debug|Any CPU
		x64_Debug|Mixed Platforms = x64_Debug|Mixed Platforms
		x64_Debug|Win32 = x64_Debug|Win32
		x64_Debug|x64 = x64_Debug|x64
		x64_Release|Any CPU = x64_Release|Any CPU
		x64_Release|Mixed Platforms = x64_Release|Mixed Platforms
		x64_Release|Win32 = x64_Release|Win32
		x64_Release|x64 = x64_Release|x64
	EndGlobalSection
	GlobalSection(ProjectConfigurationPlatforms) = postSolution
		{A99BF76E-70D1-4C22-986C-BFA811C59F3C}.Debug|Any CPU.ActiveCfg = Debug|Win32
		{A99BF76E-70D1-4C22-986C-BFA811C59F3C}.Debug|Mixed Platforms.ActiveCfg = Debug|Win32
		{A99BF76E-70D1-4C22-986C-BFA811C59F3C}.Debug|Mixed Platforms.Build.0 = Debug|Win32
		{A99BF76E-70D1-4C22-986C-BFA811C59F3C}.Debug|Win32.ActiveCfg = Debug|Win32
		{A99BF76E-70D1-4C22-986C-BFA811C59F3C}.Debug|Win32.Build.0 = Debug|Win32
		{A99BF76E-70D1-4C22-986C-BFA811C59F3C}.Debug|x64.ActiveCfg = Debug|x64
		{A99BF76E-70D1-4C22-986C-BFA811C59F3C}.Debug|x64.Build.0 = Debug|x64
		{A99BF76E-70D1-4C22-986C-BFA811C59F3C}.Release|Any CPU.ActiveCfg = Release|Win32
		{A99BF76E-70D1-4C22-986C-BFA811C59F3C}.Release|Mixed Platforms.ActiveCfg = Release|Win32
		{A99BF76E-70D1-4C22-986C-BFA811C59F3C}.Release|Mixed Platforms.Build.0 = Release|Win32
		{A99BF76E-70D1-4C22-986C-BFA811C59F3C}.Release|Win32.ActiveCfg = Release|Win32
		{A99BF76E-70D1-4C22-986C-BFA811C59F3C}.Release|Win32.Build.0 = Release|Win32
		{A99BF76E-70D1-4C22-986C-BFA811C59F3C}.Release|x64.ActiveCfg = Release|x64
		{A99BF76E-70D1-4C22-986C-BFA811C59F3C}.Release|x64.Build.0 = Release|x64
		{A99BF76E-70D1-4C22-986C-BFA811C59F3C}.x64_Debug|Any CPU.ActiveCfg = Debug|Win32
		{A99BF76E-70D1-4C22-986C-BFA811C59F3C}.x64_Debug|Mixed Platforms.ActiveCfg = Debug|Win32
		{A99BF76E-70D1-4C22-986C-BFA811C59F3C}.x64_Debug|Mixed Platforms.Build.0 = Debug|Win32
		{A99BF76E-70D1-4C22-986C-BFA811C59F3C}.x64_Debug|Win32.ActiveCfg = Debug|Win32
		{A99BF76E-70D1-4C22-986C-BFA811C59F3C}.x64_Debug|Win32.Build.0 = Debug|Win32
		{A99BF76E-70D1-4C22-986C-BFA811C59F3C}.x64_Debug|x64.ActiveCfg = Debug|Win32
		{A99BF76E-70D1-4C22-986C-BFA811C59F3C}.x64_Release|Any CPU.ActiveCfg = Release|Win32
		{A99BF76E-70D1-4C22-986C-BFA811C59F3C}.x64_Release|Mixed Platforms.ActiveCfg = Release|Win32
		{A99BF76E-70D1-4C22-986C-BFA811C59F3C}.x64_Release|Mixed Platforms.Build.0 = Release|Win32
		{A99BF76E-70D1-4C22-986C-BFA811C59F3C}.x64_Release|Win32.ActiveCfg = Release|Win32
		{A99BF76E-70D1-4C22-986C-BFA811C59F3C}.x64_Release|Win32.Build.0 = Release|Win32
		{A99BF76E-70D1-4C22-986C-BFA811C59F3C}.x64_Release|x64.ActiveCfg = Release|Win32
		{F6A18DF3-700D-4619-B8FE-F4C786EE1B27}.Debug|Any CPU.ActiveCfg = Debug|Any CPU
		{F6A18DF3-700D-4619-B8FE-F4C786EE1B27}.Debug|Any CPU.Build.0 = Debug|Any CPU
		{F6A18DF3-700D-4619-B8FE-F4C786EE1B27}.Debug|Mixed Platforms.ActiveCfg = Debug|x86
		{F6A18DF3-700D-4619-B8FE-F4C786EE1B27}.Debug|Mixed Platforms.Build.0 = Debug|x86
		{F6A18DF3-700D-4619-B8FE-F4C786EE1B27}.Debug|Win32.ActiveCfg = Debug|Any CPU
		{F6A18DF3-700D-4619-B8FE-F4C786EE1B27}.Debug|Win32.Build.0 = Debug|Any CPU
		{F6A18DF3-700D-4619-B8FE-F4C786EE1B27}.Debug|x64.ActiveCfg = Debug|Any CPU
		{F6A18DF3-700D-4619-B8FE-F4C786EE1B27}.Debug|x64.Build.0 = Debug|Any CPU
		{F6A18DF3-700D-4619-B8FE-F4C786EE1B27}.Release|Any CPU.ActiveCfg = Release|Any CPU
		{F6A18DF3-700D-4619-B8FE-F4C786EE1B27}.Release|Any CPU.Build.0 = Release|Any CPU
		{F6A18DF3-700D-4619-B8FE-F4C786EE1B27}.Release|Mixed Platforms.ActiveCfg = Release|x86
		{F6A18DF3-700D-4619-B8FE-F4C786EE1B27}.Release|Mixed Platforms.Build.0 = Release|x86
		{F6A18DF3-700D-4619-B8FE-F4C786EE1B27}.Release|Win32.ActiveCfg = Release|Any CPU
		{F6A18DF3-700D-4619-B8FE-F4C786EE1B27}.Release|Win32.Build.0 = Release|Any CPU
		{F6A18DF3-700D-4619-B8FE-F4C786EE1B27}.Release|x64.ActiveCfg = Release|Any CPU
		{F6A18DF3-700D-4619-B8FE-F4C786EE1B27}.Release|x64.Build.0 = Release|Any CPU
		{F6A18DF3-700D-4619-B8FE-F4C786EE1B27}.x64_Debug|Any CPU.ActiveCfg = Debug|Any CPU
		{F6A18DF3-700D-4619-B8FE-F4C786EE1B27}.x64_Debug|Any CPU.Build.0 = Debug|Any CPU
		{F6A18DF3-700D-4619-B8FE-F4C786EE1B27}.x64_Debug|Mixed Platforms.ActiveCfg = Debug|x86
		{F6A18DF3-700D-4619-B8FE-F4C786EE1B27}.x64_Debug|Mixed Platforms.Build.0 = Debug|x86
		{F6A18DF3-700D-4619-B8FE-F4C786EE1B27}.x64_Debug|Win32.ActiveCfg = Debug|x86
		{F6A18DF3-700D-4619-B8FE-F4C786EE1B27}.x64_Debug|Win32.Build.0 = Debug|x86
		{F6A18DF3-700D-4619-B8FE-F4C786EE1B27}.x64_Debug|x64.ActiveCfg = Debug|Any CPU
		{F6A18DF3-700D-4619-B8FE-F4C786EE1B27}.x64_Release|Any CPU.ActiveCfg = Release|Any CPU
		{F6A18DF3-700D-4619-B8FE-F4C786EE1B27}.x64_Release|Any CPU.Build.0 = Release|Any CPU
		{F6A18DF3-700D-4619-B8FE-F4C786EE1B27}.x64_Release|Mixed Platforms.ActiveCfg = Release|x86
		{F6A18DF3-700D-4619-B8FE-F4C786EE1B27}.x64_Release|Mixed Platforms.Build.0 = Release|x86
		{F6A18DF3-700D-4619-B8FE-F4C786EE1B27}.x64_Release|Win32.ActiveCfg = Release|x86
		{F6A18DF3-700D-4619-B8FE-F4C786EE1B27}.x64_Release|Win32.Build.0 = Release|x86
		{F6A18DF3-700D-4619-B8FE-F4C786EE1B27}.x64_Release|x64.ActiveCfg = Release|Any CPU
		{5DE22DEE-201C-4E46-BB5A-221435B67DA7}.Debug|Any CPU.ActiveCfg = Debug|Any CPU
		{5DE22DEE-201C-4E46-BB5A-221435B67DA7}.Debug|Any CPU.Build.0 = Debug|Any CPU
		{5DE22DEE-201C-4E46-BB5A-221435B67DA7}.Debug|Mixed Platforms.ActiveCfg = Debug|Any CPU
		{5DE22DEE-201C-4E46-BB5A-221435B67DA7}.Debug|Mixed Platforms.Build.0 = Debug|Any CPU
		{5DE22DEE-201C-4E46-BB5A-221435B67DA7}.Debug|Win32.ActiveCfg = Debug|Any CPU
		{5DE22DEE-201C-4E46-BB5A-221435B67DA7}.Debug|Win32.Build.0 = Debug|Any CPU
		{5DE22DEE-201C-4E46-BB5A-221435B67DA7}.Debug|x64.ActiveCfg = Debug|Any CPU
		{5DE22DEE-201C-4E46-BB5A-221435B67DA7}.Debug|x64.Build.0 = Debug|Any CPU
		{5DE22DEE-201C-4E46-BB5A-221435B67DA7}.Release|Any CPU.ActiveCfg = Release|Any CPU
		{5DE22DEE-201C-4E46-BB5A-221435B67DA7}.Release|Any CPU.Build.0 = Release|Any CPU
		{5DE22DEE-201C-4E46-BB5A-221435B67DA7}.Release|Mixed Platforms.ActiveCfg = Release|Any CPU
		{5DE22DEE-201C-4E46-BB5A-221435B67DA7}.Release|Mixed Platforms.Build.0 = Release|Any CPU
		{5DE22DEE-201C-4E46-BB5A-221435B67DA7}.Release|Win32.ActiveCfg = Release|Any CPU
		{5DE22DEE-201C-4E46-BB5A-221435B67DA7}.Release|Win32.Build.0 = Release|Any CPU
		{5DE22DEE-201C-4E46-BB5A-221435B67DA7}.Release|x64.ActiveCfg = Release|Any CPU
		{5DE22DEE-201C-4E46-BB5A-221435B67DA7}.Release|x64.Build.0 = Release|Any CPU
		{5DE22DEE-201C-4E46-BB5A-221435B67DA7}.x64_Debug|Any CPU.ActiveCfg = Debug|Any CPU
		{5DE22DEE-201C-4E46-BB5A-221435B67DA7}.x64_Debug|Any CPU.Build.0 = Debug|Any CPU
		{5DE22DEE-201C-4E46-BB5A-221435B67DA7}.x64_Debug|Mixed Platforms.ActiveCfg = Debug|Any CPU
		{5DE22DEE-201C-4E46-BB5A-221435B67DA7}.x64_Debug|Mixed Platforms.Build.0 = Debug|Any CPU
		{5DE22DEE-201C-4E46-BB5A-221435B67DA7}.x64_Debug|Win32.ActiveCfg = Debug|Any CPU
		{5DE22DEE-201C-4E46-BB5A-221435B67DA7}.x64_Debug|x64.ActiveCfg = Debug|Any CPU
		{5DE22DEE-201C-4E46-BB5A-221435B67DA7}.x64_Release|Any CPU.ActiveCfg = Release|Any CPU
		{5DE22DEE-201C-4E46-BB5A-221435B67DA7}.x64_Release|Any CPU.Build.0 = Release|Any CPU
		{5DE22DEE-201C-4E46-BB5A-221435B67DA7}.x64_Release|Mixed Platforms.ActiveCfg = Release|Any CPU
		{5DE22DEE-201C-4E46-BB5A-221435B67DA7}.x64_Release|Mixed Platforms.Build.0 = Release|Any CPU
		{5DE22DEE-201C-4E46-BB5A-221435B67DA7}.x64_Release|Win32.ActiveCfg = Release|Any CPU
		{5DE22DEE-201C-4E46-BB5A-221435B67DA7}.x64_Release|x64.ActiveCfg = Release|Any CPU
		{02620C20-19D1-4A63-B7E5-738C5783C139}.Debug|Any CPU.ActiveCfg = Debug|Any CPU
		{02620C20-19D1-4A63-B7E5-738C5783C139}.Debug|Any CPU.Build.0 = Debug|Any CPU
		{02620C20-19D1-4A63-B7E5-738C5783C139}.Debug|Mixed Platforms.ActiveCfg = Debug|Any CPU
		{02620C20-19D1-4A63-B7E5-738C5783C139}.Debug|Mixed Platforms.Build.0 = Debug|Any CPU
		{02620C20-19D1-4A63-B7E5-738C5783C139}.Debug|Win32.ActiveCfg = Debug|Any CPU
		{02620C20-19D1-4A63-B7E5-738C5783C139}.Debug|x64.ActiveCfg = Debug|Any CPU
		{02620C20-19D1-4A63-B7E5-738C5783C139}.Release|Any CPU.ActiveCfg = Release|Any CPU
		{02620C20-19D1-4A63-B7E5-738C5783C139}.Release|Any CPU.Build.0 = Release|Any CPU
		{02620C20-19D1-4A63-B7E5-738C5783C139}.Release|Mixed Platforms.ActiveCfg = Release|Any CPU
		{02620C20-19D1-4A63-B7E5-738C5783C139}.Release|Mixed Platforms.Build.0 = Release|Any CPU
		{02620C20-19D1-4A63-B7E5-738C5783C139}.Release|Win32.ActiveCfg = Release|Any CPU
		{02620C20-19D1-4A63-B7E5-738C5783C139}.Release|x64.ActiveCfg = Release|Any CPU
		{02620C20-19D1-4A63-B7E5-738C5783C139}.x64_Debug|Any CPU.ActiveCfg = Debug|Any CPU
		{02620C20-19D1-4A63-B7E5-738C5783C139}.x64_Debug|Any CPU.Build.0 = Debug|Any CPU
		{02620C20-19D1-4A63-B7E5-738C5783C139}.x64_Debug|Mixed Platforms.ActiveCfg = Debug|Any CPU
		{02620C20-19D1-4A63-B7E5-738C5783C139}.x64_Debug|Mixed Platforms.Build.0 = Debug|Any CPU
		{02620C20-19D1-4A63-B7E5-738C5783C139}.x64_Debug|Win32.ActiveCfg = Debug|Any CPU
		{02620C20-19D1-4A63-B7E5-738C5783C139}.x64_Debug|x64.ActiveCfg = Debug|Any CPU
		{02620C20-19D1-4A63-B7E5-738C5783C139}.x64_Release|Any CPU.ActiveCfg = Release|Any CPU
		{02620C20-19D1-4A63-B7E5-738C5783C139}.x64_Release|Any CPU.Build.0 = Release|Any CPU
		{02620C20-19D1-4A63-B7E5-738C5783C139}.x64_Release|Mixed Platforms.ActiveCfg = Release|Any CPU
		{02620C20-19D1-4A63-B7E5-738C5783C139}.x64_Release|Mixed Platforms.Build.0 = Release|Any CPU
		{02620C20-19D1-4A63-B7E5-738C5783C139}.x64_Release|Win32.ActiveCfg = Release|Any CPU
		{02620C20-19D1-4A63-B7E5-738C5783C139}.x64_Release|x64.ActiveCfg = Release|Any CPU
		{230E133B-EB90-4A6A-9EA2-1F7F6C157325}.Debug|Any CPU.ActiveCfg = Debug|Any CPU
		{230E133B-EB90-4A6A-9EA2-1F7F6C157325}.Debug|Any CPU.Build.0 = Debug|Any CPU
		{230E133B-EB90-4A6A-9EA2-1F7F6C157325}.Debug|Mixed Platforms.ActiveCfg = Debug|Any CPU
		{230E133B-EB90-4A6A-9EA2-1F7F6C157325}.Debug|Mixed Platforms.Build.0 = Debug|Any CPU
		{230E133B-EB90-4A6A-9EA2-1F7F6C157325}.Debug|Win32.ActiveCfg = Debug|Any CPU
		{230E133B-EB90-4A6A-9EA2-1F7F6C157325}.Debug|x64.ActiveCfg = Debug|Any CPU
		{230E133B-EB90-4A6A-9EA2-1F7F6C157325}.Release|Any CPU.ActiveCfg = Release|Any CPU
		{230E133B-EB90-4A6A-9EA2-1F7F6C157325}.Release|Any CPU.Build.0 = Release|Any CPU
		{230E133B-EB90-4A6A-9EA2-1F7F6C157325}.Release|Mixed Platforms.ActiveCfg = Release|Any CPU
		{230E133B-EB90-4A6A-9EA2-1F7F6C157325}.Release|Mixed Platforms.Build.0 = Release|Any CPU
		{230E133B-EB90-4A6A-9EA2-1F7F6C157325}.Release|Win32.ActiveCfg = Release|Any CPU
		{230E133B-EB90-4A6A-9EA2-1F7F6C157325}.Release|x64.ActiveCfg = Release|Any CPU
		{230E133B-EB90-4A6A-9EA2-1F7F6C157325}.x64_Debug|Any CPU.ActiveCfg = Debug|Any CPU
		{230E133B-EB90-4A6A-9EA2-1F7F6C157325}.x64_Debug|Any CPU.Build.0 = Debug|Any CPU
		{230E133B-EB90-4A6A-9EA2-1F7F6C157325}.x64_Debug|Mixed Platforms.ActiveCfg = Debug|Any CPU
		{230E133B-EB90-4A6A-9EA2-1F7F6C157325}.x64_Debug|Mixed Platforms.Build.0 = Debug|Any CPU
		{230E133B-EB90-4A6A-9EA2-1F7F6C157325}.x64_Debug|Win32.ActiveCfg = Debug|Any CPU
		{230E133B-EB90-4A6A-9EA2-1F7F6C157325}.x64_Debug|x64.ActiveCfg = Debug|Any CPU
		{230E133B-EB90-4A6A-9EA2-1F7F6C157325}.x64_Release|Any CPU.ActiveCfg = Release|Any CPU
		{230E133B-EB90-4A6A-9EA2-1F7F6C157325}.x64_Release|Any CPU.Build.0 = Release|Any CPU
		{230E133B-EB90-4A6A-9EA2-1F7F6C157325}.x64_Release|Mixed Platforms.ActiveCfg = Release|Any CPU
		{230E133B-EB90-4A6A-9EA2-1F7F6C157325}.x64_Release|Mixed Platforms.Build.0 = Release|Any CPU
		{230E133B-EB90-4A6A-9EA2-1F7F6C157325}.x64_Release|Win32.ActiveCfg = Release|Any CPU
		{230E133B-EB90-4A6A-9EA2-1F7F6C157325}.x64_Release|x64.ActiveCfg = Release|Any CPU
	EndGlobalSection
	GlobalSection(SolutionProperties) = preSolution
		HideSolutionNode = FALSE
	EndGlobalSection
EndGlobal
