
Microsoft Visual Studio Solution File, Format Version 11.00
# Visual Studio 2010
Project("{8BC9CEB8-8B4A-11D0-8D11-00A0C91BC942}") = "ARNative", "ARNative\ARNative.vcxproj", "{A99BF76E-70D1-4C22-986C-BFA811C59F3C}"
EndProject
Project("{FAE04EC0-301F-11D3-BF4B-00C04F79EFBC}") = "NRemedy.Core", "NRemedy.Core\NRemedy.Core.csproj", "{F6A18DF3-700D-4619-B8FE-F4C786EE1B27}"
EndProject
Project("{FAE04EC0-301F-11D3-BF4B-00C04F79EFBC}") = "NRemedy.Linq", "NRemedy.Linq\NRemedy.Linq.csproj", "{5DE22DEE-201C-4E46-BB5A-221435B67DA7}"
EndProject
Global
	GlobalSection(SolutionConfigurationPlatforms) = preSolution
		Debug|Any CPU = Debug|Any CPU
		Debug|Mixed Platforms = Debug|Mixed Platforms
		Debug|Win32 = Debug|Win32
		Debug|x86 = Debug|x86
		Release|Any CPU = Release|Any CPU
		Release|Mixed Platforms = Release|Mixed Platforms
		Release|Win32 = Release|Win32
		Release|x86 = Release|x86
	EndGlobalSection
	GlobalSection(ProjectConfigurationPlatforms) = postSolution
		{A99BF76E-70D1-4C22-986C-BFA811C59F3C}.Debug|Any CPU.ActiveCfg = Debug|Win32
		{A99BF76E-70D1-4C22-986C-BFA811C59F3C}.Debug|Mixed Platforms.ActiveCfg = Debug|Win32
		{A99BF76E-70D1-4C22-986C-BFA811C59F3C}.Debug|Mixed Platforms.Build.0 = Debug|Win32
		{A99BF76E-70D1-4C22-986C-BFA811C59F3C}.Debug|Win32.ActiveCfg = Debug|Win32
		{A99BF76E-70D1-4C22-986C-BFA811C59F3C}.Debug|Win32.Build.0 = Debug|Win32
		{A99BF76E-70D1-4C22-986C-BFA811C59F3C}.Debug|x86.ActiveCfg = Debug|Win32
		{A99BF76E-70D1-4C22-986C-BFA811C59F3C}.Release|Any CPU.ActiveCfg = Release|Win32
		{A99BF76E-70D1-4C22-986C-BFA811C59F3C}.Release|Mixed Platforms.ActiveCfg = Release|Win32
		{A99BF76E-70D1-4C22-986C-BFA811C59F3C}.Release|Mixed Platforms.Build.0 = Release|Win32
		{A99BF76E-70D1-4C22-986C-BFA811C59F3C}.Release|Win32.ActiveCfg = Release|Win32
		{A99BF76E-70D1-4C22-986C-BFA811C59F3C}.Release|Win32.Build.0 = Release|Win32
		{A99BF76E-70D1-4C22-986C-BFA811C59F3C}.Release|x86.ActiveCfg = Release|Win32
		{F6A18DF3-700D-4619-B8FE-F4C786EE1B27}.Debug|Any CPU.ActiveCfg = Debug|Any CPU
		{F6A18DF3-700D-4619-B8FE-F4C786EE1B27}.Debug|Any CPU.Build.0 = Debug|Any CPU
		{F6A18DF3-700D-4619-B8FE-F4C786EE1B27}.Debug|Mixed Platforms.ActiveCfg = Debug|Any CPU
		{F6A18DF3-700D-4619-B8FE-F4C786EE1B27}.Debug|Mixed Platforms.Build.0 = Debug|Any CPU
		{F6A18DF3-700D-4619-B8FE-F4C786EE1B27}.Debug|Win32.ActiveCfg = Debug|Any CPU
		{F6A18DF3-700D-4619-B8FE-F4C786EE1B27}.Debug|x86.ActiveCfg = Debug|x86
		{F6A18DF3-700D-4619-B8FE-F4C786EE1B27}.Debug|x86.Build.0 = Debug|x86
		{F6A18DF3-700D-4619-B8FE-F4C786EE1B27}.Release|Any CPU.ActiveCfg = Release|Any CPU
		{F6A18DF3-700D-4619-B8FE-F4C786EE1B27}.Release|Any CPU.Build.0 = Release|Any CPU
		{F6A18DF3-700D-4619-B8FE-F4C786EE1B27}.Release|Mixed Platforms.ActiveCfg = Release|Any CPU
		{F6A18DF3-700D-4619-B8FE-F4C786EE1B27}.Release|Mixed Platforms.Build.0 = Release|Any CPU
		{F6A18DF3-700D-4619-B8FE-F4C786EE1B27}.Release|Win32.ActiveCfg = Release|Any CPU
		{F6A18DF3-700D-4619-B8FE-F4C786EE1B27}.Release|x86.ActiveCfg = Release|x86
		{F6A18DF3-700D-4619-B8FE-F4C786EE1B27}.Release|x86.Build.0 = Release|x86
		{5DE22DEE-201C-4E46-BB5A-221435B67DA7}.Debug|Any CPU.ActiveCfg = Debug|Any CPU
		{5DE22DEE-201C-4E46-BB5A-221435B67DA7}.Debug|Any CPU.Build.0 = Debug|Any CPU
		{5DE22DEE-201C-4E46-BB5A-221435B67DA7}.Debug|Mixed Platforms.ActiveCfg = Debug|Any CPU
		{5DE22DEE-201C-4E46-BB5A-221435B67DA7}.Debug|Mixed Platforms.Build.0 = Debug|Any CPU
		{5DE22DEE-201C-4E46-BB5A-221435B67DA7}.Debug|Win32.ActiveCfg = Debug|Any CPU
		{5DE22DEE-201C-4E46-BB5A-221435B67DA7}.Debug|x86.ActiveCfg = Debug|Any CPU
		{5DE22DEE-201C-4E46-BB5A-221435B67DA7}.Release|Any CPU.ActiveCfg = Release|Any CPU
		{5DE22DEE-201C-4E46-BB5A-221435B67DA7}.Release|Any CPU.Build.0 = Release|Any CPU
		{5DE22DEE-201C-4E46-BB5A-221435B67DA7}.Release|Mixed Platforms.ActiveCfg = Release|Any CPU
		{5DE22DEE-201C-4E46-BB5A-221435B67DA7}.Release|Mixed Platforms.Build.0 = Release|Any CPU
		{5DE22DEE-201C-4E46-BB5A-221435B67DA7}.Release|Win32.ActiveCfg = Release|Any CPU
		{5DE22DEE-201C-4E46-BB5A-221435B67DA7}.Release|x86.ActiveCfg = Release|Any CPU
	EndGlobalSection
	GlobalSection(SolutionProperties) = preSolution
		HideSolutionNode = FALSE
	EndGlobalSection
EndGlobal
