<?xml version="1.0" encoding="utf-8"?>
<Project ToolsVersion="4.0" xmlns="http://schemas.microsoft.com/developer/msbuild/2003">
  <ItemGroup>
    <Filter Include="Source Files">
      <UniqueIdentifier>{4FC737F1-C7A5-4376-A066-2A32D752A2FF}</UniqueIdentifier>
      <Extensions>cpp;c;cc;cxx;def;odl;idl;hpj;bat;asm;asmx</Extensions>
    </Filter>
    <Filter Include="Header Files">
      <UniqueIdentifier>{93995380-89BD-4b04-88EB-625FBE52EBFB}</UniqueIdentifier>
      <Extensions>h;hpp;hxx;hm;inl;inc;xsd</Extensions>
    </Filter>
    <Filter Include="Resource Files">
      <UniqueIdentifier>{67DA6AB6-F800-4c08-8B7A-83BB121AAD01}</UniqueIdentifier>
      <Extensions>rc;ico;cur;bmp;dlg;rc2;rct;bin;rgs;gif;jpg;jpeg;jpe;resx;tiff;tif;png;wav;mfcribbon-ms</Extensions>
    </Filter>
  </ItemGroup>
  <ItemGroup>
    <ClInclude Include="h\AREntry.h">
      <Filter>Header Files</Filter>
    </ClInclude>
    <ClInclude Include="h\ARException.h">
      <Filter>Header Files</Filter>
    </ClInclude>
    <ClInclude Include="h\ARFieldValue.h">
      <Filter>Header Files</Filter>
    </ClInclude>
    <ClInclude Include="h\ARGroupByStatictisc.h">
      <Filter>Header Files</Filter>
    </ClInclude>
    <ClInclude Include="h\ARSession.h">
      <Filter>Header Files</Filter>
    </ClInclude>
    <ClInclude Include="h\ARSortInfo.h">
      <Filter>Header Files</Filter>
    </ClInclude>
    <ClInclude Include="h\IntelligentARStruct.h">
      <Filter>Header Files</Filter>
    </ClInclude>
    <ClInclude Include="h\Util.h">
      <Filter>Header Files</Filter>
    </ClInclude>
    <ClInclude Include="h\_Free.h">
      <Filter>Header Files</Filter>
    </ClInclude>
    <ClInclude Include="h\ARAttachment.h">
      <Filter>Header Files</Filter>
    </ClInclude>
    <ClInclude Include="resource.h">
      <Filter>Header Files</Filter>
    </ClInclude>
    <ClInclude Include="h\ARBulkResult.h">
      <Filter>Header Files</Filter>
    </ClInclude>
    <ClInclude Include="h\ARTransactionResult.h">
      <Filter>Header Files</Filter>
    </ClInclude>
    <ClInclude Include="h\ARServerInfo.h">
      <Filter>Header Files</Filter>
    </ClInclude>
    <ClInclude Include="h\ARField.h">
      <Filter>Header Files</Filter>
    </ClInclude>
    <ClInclude Include="h\ARForm.h">
      <Filter>Header Files</Filter>
    </ClInclude>
    <ClInclude Include="h\ARFieldLimit.h">
      <Filter>Header Files</Filter>
    </ClInclude>
  </ItemGroup>
  <ItemGroup>
    <ClCompile Include="cpp\AREntry.cpp">
      <Filter>Source Files</Filter>
    </ClCompile>
    <ClCompile Include="cpp\ARException.cpp">
      <Filter>Source Files</Filter>
    </ClCompile>
    <ClCompile Include="cpp\ARFieldValue.cpp">
      <Filter>Source Files</Filter>
    </ClCompile>
    <ClCompile Include="cpp\ARGroupByStatictisc.cpp">
      <Filter>Source Files</Filter>
    </ClCompile>
    <ClCompile Include="cpp\ARSession.cpp">
      <Filter>Source Files</Filter>
    </ClCompile>
    <ClCompile Include="cpp\ARSortInfo.cpp">
      <Filter>Source Files</Filter>
    </ClCompile>
    <ClCompile Include="cpp\IntelligentARStruct.cpp">
      <Filter>Source Files</Filter>
    </ClCompile>
    <ClCompile Include="cpp\Util.cpp">
      <Filter>Source Files</Filter>
    </ClCompile>
    <ClCompile Include="cpp\_Free.cpp">
      <Filter>Source Files</Filter>
    </ClCompile>
    <ClCompile Include="cpp\ARAttachment.cpp">
      <Filter>Source Files</Filter>
    </ClCompile>
    <ClCompile Include="cpp\ARBulkResult.cpp">
      <Filter>Source Files</Filter>
    </ClCompile>
    <ClCompile Include="cpp\ARServerInfo.cpp">
      <Filter>Source Files</Filter>
    </ClCompile>
    <ClCompile Include="cpp\ARField.cpp">
      <Filter>Source Files</Filter>
    </ClCompile>
    <ClCompile Include="cpp\ARForm.cpp">
      <Filter>Source Files</Filter>
    </ClCompile>
    <ClCompile Include="cpp\ARFieldLimit.cpp">
      <Filter>Source Files</Filter>
    </ClCompile>
  </ItemGroup>
  <ItemGroup>
    <None Include="Readme.txt" />
  </ItemGroup>
  <ItemGroup>
    <ResourceCompile Include="ARNative.rc">
      <Filter>Resource Files</Filter>
    </ResourceCompile>
  </ItemGroup>
</Project>